
Microsoft Visual Studio Solution File, Format Version 12.00
# Visual Studio Version 16
VisualStudioVersion = 16.0.30804.86
MinimumVisualStudioVersion = 10.0.40219.1
Project("{FAE04EC0-301F-11D3-BF4B-00C04F79EFBC}") = "BoxWeb", "BoxWeb.csproj", "{007C9B5A-8677-4DB3-9B8C-C0A0E5E692D8}"
EndProject
Global
	GlobalSection(SolutionConfigurationPlatforms) = preSolution
		Debug|Any CPU = Debug|Any CPU
		Release|Any CPU = Release|Any CPU
	EndGlobalSection
	GlobalSection(ProjectConfigurationPlatforms) = postSolution
		{007C9B5A-8677-4DB3-9B8C-C0A0E5E692D8}.Debug|Any CPU.ActiveCfg = Debug|Any CPU
		{007C9B5A-8677-4DB3-9B8C-C0A0E5E692D8}.Debug|Any CPU.Build.0 = Debug|Any CPU
		{007C9B5A-8677-4DB3-9B8C-C0A0E5E692D8}.Release|Any CPU.ActiveCfg = Release|Any CPU
		{007C9B5A-8677-4DB3-9B8C-C0A0E5E692D8}.Release|Any CPU.Build.0 = Release|Any CPU
	EndGlobalSection
	GlobalSection(SolutionProperties) = preSolution
		HideSolutionNode = FALSE
	EndGlobalSection
	GlobalSection(ExtensibilityGlobals) = postSolution
		SolutionGuid = {32889D02-8352-4CD3-9A0E-7A0B70338C07}
	EndGlobalSection
EndGlobal
